// !$*UTF8*$!
{
	archiveVersion = 1;
	classes = {
	};
	objectVersion = 55;
	objects = {

/* Begin PBXBuildFile section */
		3D3CE5EC291F099300401B35 /* MiAlbum.swift in Sources */ = {isa = PBXBuildFile; fileRef = 3D3CE5EB291F099300401B35 /* MiAlbum.swift */; };
		3D3CE5EF291F0A9800401B35 /* Photos.framework in Frameworks */ = {isa = PBXBuildFile; fileRef = 3D3CE5EE291F0A9800401B35 /* Photos.framework */; };
		3DD569992916EF1E003F0B5B /* AppDelegate.swift in Sources */ = {isa = PBXBuildFile; fileRef = 3DD569982916EF1E003F0B5B /* AppDelegate.swift */; };
		3DD5699B2916EF1E003F0B5B /* SceneDelegate.swift in Sources */ = {isa = PBXBuildFile; fileRef = 3DD5699A2916EF1E003F0B5B /* SceneDelegate.swift */; };
		3DD5699D2916EF1E003F0B5B /* ViewController.swift in Sources */ = {isa = PBXBuildFile; fileRef = 3DD5699C2916EF1E003F0B5B /* ViewController.swift */; };
		3DD569A02916EF1E003F0B5B /* Main.storyboard in Resources */ = {isa = PBXBuildFile; fileRef = 3DD5699E2916EF1E003F0B5B /* Main.storyboard */; };
		3DD569A22916EF20003F0B5B /* Assets.xcassets in Resources */ = {isa = PBXBuildFile; fileRef = 3DD569A12916EF20003F0B5B /* Assets.xcassets */; };
		3DD569A52916EF20003F0B5B /* LaunchScreen.storyboard in Resources */ = {isa = PBXBuildFile; fileRef = 3DD569A32916EF20003F0B5B /* LaunchScreen.storyboard */; };
/* End PBXBuildFile section */

/* Begin PBXFileReference section */
		3D3CE5EB291F099300401B35 /* MiAlbum.swift */ = {isa = PBXFileReference; lastKnownFileType = sourcecode.swift; path = MiAlbum.swift; sourceTree = "<group>"; };
		3D3CE5EE291F0A9800401B35 /* Photos.framework */ = {isa = PBXFileReference; lastKnownFileType = wrapper.framework; name = Photos.framework; path = System/Library/Frameworks/Photos.framework; sourceTree = SDKROOT; };
		3DD569952916EF1E003F0B5B /* MyImages.app */ = {isa = PBXFileReference; explicitFileType = wrapper.application; includeInIndex = 0; path = MyImages.app; sourceTree = BUILT_PRODUCTS_DIR; };
		3DD569982916EF1E003F0B5B /* AppDelegate.swift */ = {isa = PBXFileReference; lastKnownFileType = sourcecode.swift; path = AppDelegate.swift; sourceTree = "<group>"; };
		3DD5699A2916EF1E003F0B5B /* SceneDelegate.swift */ = {isa = PBXFileReference; lastKnownFileType = sourcecode.swift; path = SceneDelegate.swift; sourceTree = "<group>"; };
		3DD5699C2916EF1E003F0B5B /* ViewController.swift */ = {isa = PBXFileReference; lastKnownFileType = sourcecode.swift; path = ViewController.swift; sourceTree = "<group>"; };
		3DD5699F2916EF1E003F0B5B /* Base */ = {isa = PBXFileReference; lastKnownFileType = file.storyboard; name = Base; path = Base.lproj/Main.storyboard; sourceTree = "<group>"; };
		3DD569A12916EF20003F0B5B /* Assets.xcassets */ = {isa = PBXFileReference; lastKnownFileType = folder.assetcatalog; path = Assets.xcassets; sourceTree = "<group>"; };
		3DD569A42916EF20003F0B5B /* Base */ = {isa = PBXFileReference; lastKnownFileType = file.storyboard; name = Base; path = Base.lproj/LaunchScreen.storyboard; sourceTree = "<group>"; };
		3DD569A62916EF20003F0B5B /* Info.plist */ = {isa = PBXFileReference; lastKnownFileType = text.plist.xml; path = Info.plist; sourceTree = "<group>"; };
/* End PBXFileReference section */

/* Begin PBXFrameworksBuildPhase section */
		3DD569922916EF1E003F0B5B /* Frameworks */ = {
			isa = PBXFrameworksBuildPhase;
			buildActionMask = 2147483647;
			files = (
				3D3CE5EF291F0A9800401B35 /* Photos.framework in Frameworks */,
			);
			runOnlyForDeploymentPostprocessing = 0;
		};
/* End PBXFrameworksBuildPhase section */

/* Begin PBXGroup section */
		3D3CE5ED291F0A9700401B35 /* Frameworks */ = {
			isa = PBXGroup;
			children = (
				3D3CE5EE291F0A9800401B35 /* Photos.framework */,
			);
			name = Frameworks;
			sourceTree = "<group>";
		};
		3DD5698C2916EF1E003F0B5B = {
			isa = PBXGroup;
			children = (
				3DD569972916EF1E003F0B5B /* MyImages */,
				3DD569962916EF1E003F0B5B /* Products */,
				3D3CE5ED291F0A9700401B35 /* Frameworks */,
			);
			sourceTree = "<group>";
		};
		3DD569962916EF1E003F0B5B /* Products */ = {
			isa = PBXGroup;
			children = (
				3DD569952916EF1E003F0B5B /* MyImages.app */,
			);
			name = Products;
			sourceTree = "<group>";
		};
		3DD569972916EF1E003F0B5B /* MyImages */ = {
			isa = PBXGroup;
			children = (
				3DD569982916EF1E003F0B5B /* AppDelegate.swift */,
				3DD5699A2916EF1E003F0B5B /* SceneDelegate.swift */,
				3DD5699C2916EF1E003F0B5B /* ViewController.swift */,
				3DD5699E2916EF1E003F0B5B /* Main.storyboard */,
				3DD569A12916EF20003F0B5B /* Assets.xcassets */,
				3DD569A32916EF20003F0B5B /* LaunchScreen.storyboard */,
				3DD569A62916EF20003F0B5B /* Info.plist */,
				3D3CE5EB291F099300401B35 /* MiAlbum.swift */,
			);
			path = MyImages;
			sourceTree = "<group>";
		};
/* End PBXGroup section */

/* Begin PBXNativeTarget section */
		3DD569942916EF1E003F0B5B /* MyImages */ = {
			isa = PBXNativeTarget;
			buildConfigurationList = 3DD569A92916EF20003F0B5B /* Build configuration list for PBXNativeTarget "MyImages" */;
			buildPhases = (
				3DD569912916EF1E003F0B5B /* Sources */,
				3DD569922916EF1E003F0B5B /* Frameworks */,
				3DD569932916EF1E003F0B5B /* Resources */,
			);
			buildRules = (
			);
			dependencies = (
			);
			name = MyImages;
			productName = MyImages;
			productReference = 3DD569952916EF1E003F0B5B /* MyImages.app */;
			productType = "com.apple.product-type.application";
		};
/* End PBXNativeTarget section */

/* Begin PBXProject section */
		3DD5698D2916EF1E003F0B5B /* Project object */ = {
			isa = PBXProject;
			attributes = {
				BuildIndependentTargetsInParallel = 1;
				LastSwiftUpdateCheck = 1410;
				LastUpgradeCheck = 1410;
				TargetAttributes = {
					3DD569942916EF1E003F0B5B = {
						CreatedOnToolsVersion = 14.1;
					};
				};
			};
			buildConfigurationList = 3DD569902916EF1E003F0B5B /* Build configuration list for PBXProject "MyImages" */;
			compatibilityVersion = "Xcode 13.0";
			developmentRegion = en;
			hasScannedForEncodings = 0;
			knownRegions = (
				en,
				Base,
			);
			mainGroup = 3DD5698C2916EF1E003F0B5B;
			productRefGroup = 3DD569962916EF1E003F0B5B /* Products */;
			projectDirPath = "";
			projectRoot = "";
			targets = (
				3DD569942916EF1E003F0B5B /* MyImages */,
			);
		};
/* End PBXProject section */

/* Begin PBXResourcesBuildPhase section */
		3DD569932916EF1E003F0B5B /* Resources */ = {
			isa = PBXResourcesBuildPhase;
			buildActionMask = 2147483647;
			files = (
				3DD569A52916EF20003F0B5B /* LaunchScreen.storyboard in Resources */,
				3DD569A22916EF20003F0B5B /* Assets.xcassets in Resources */,
				3DD569A02916EF1E003F0B5B /* Main.storyboard in Resources */,
			);
			runOnlyForDeploymentPostprocessing = 0;
		};
/* End PBXResourcesBuildPhase section */

/* Begin PBXSourcesBuildPhase section */
		3DD569912916EF1E003F0B5B /* Sources */ = {
			isa = PBXSourcesBuildPhase;
			buildActionMask = 2147483647;
			files = (
				3DD5699D2916EF1E003F0B5B /* ViewController.swift in Sources */,
				3DD569992916EF1E003F0B5B /* AppDelegate.swift in Sources */,
				3DD5699B2916EF1E003F0B5B /* SceneDelegate.swift in Sources */,
				3D3CE5EC291F099300401B35 /* MiAlbum.swift in Sources */,
			);
			runOnlyForDeploymentPostprocessing = 0;
		};
/* End PBXSourcesBuildPhase section */

/* Begin PBXVariantGroup section */
		3DD5699E2916EF1E003F0B5B /* Main.storyboard */ = {
			isa = PBXVariantGroup;
			children = (
				3DD5699F2916EF1E003F0B5B /* Base */,
			);
			name = Main.storyboard;
			sourceTree = "<group>";
		};
		3DD569A32916EF20003F0B5B /* LaunchScreen.storyboard */ = {
			isa = PBXVariantGroup;
			children = (
				3DD569A42916EF20003F0B5B /* Base */,
			);
			name = LaunchScreen.storyboard;
			sourceTree = "<group>";
		};
/* End PBXVariantGroup section */

/* Begin XCBuildConfiguration section */
		3DD569A72916EF20003F0B5B /* Debug */ = {
			isa = XCBuildConfiguration;
			buildSettings = {
				ALWAYS_SEARCH_USER_PATHS = NO;
				CLANG_ANALYZER_NONNULL = YES;
				CLANG_ANALYZER_NUMBER_OBJECT_CONVERSION = YES_AGGRESSIVE;
				CLANG_CXX_LANGUAGE_STANDARD = "gnu++20";
				CLANG_ENABLE_MODULES = YES;
				CLANG_ENABLE_OBJC_ARC = YES;
				CLANG_ENABLE_OBJC_WEAK = YES;
				CLANG_WARN_BLOCK_CAPTURE_AUTORELEASING = YES;
				CLANG_WARN_BOOL_CONVERSION = YES;
				CLANG_WARN_COMMA = YES;
				CLANG_WARN_CONSTANT_CONVERSION = YES;
				CLANG_WARN_DEPRECATED_OBJC_IMPLEMENTATIONS = YES;
				CLANG_WARN_DIRECT_OBJC_ISA_USAGE = YES_ERROR;
				CLANG_WARN_DOCUMENTATION_COMMENTS = YES;
				CLANG_WARN_EMPTY_BODY = YES;
				CLANG_WARN_ENUM_CONVERSION = YES;
				CLANG_WARN_INFINITE_RECURSION = YES;
				CLANG_WARN_INT_CONVERSION = YES;
				CLANG_WARN_NON_LITERAL_NULL_CONVERSION = YES;
				CLANG_WARN_OBJC_IMPLICIT_RETAIN_SELF = YES;
				CLANG_WARN_OBJC_LITERAL_CONVERSION = YES;
				CLANG_WARN_OBJC_ROOT_CLASS = YES_ERROR;
				CLANG_WARN_QUOTED_INCLUDE_IN_FRAMEWORK_HEADER = YES;
				CLANG_WARN_RANGE_LOOP_ANALYSIS = YES;
				CLANG_WARN_STRICT_PROTOTYPES = YES;
				CLANG_WARN_SUSPICIOUS_MOVE = YES;
				CLANG_WARN_UNGUARDED_AVAILABILITY = YES_AGGRESSIVE;
				CLANG_WARN_UNREACHABLE_CODE = YES;
				CLANG_WARN__DUPLICATE_METHOD_MATCH = YES;
				COPY_PHASE_STRIP = NO;
				DEBUG_INFORMATION_FORMAT = dwarf;
				ENABLE_STRICT_OBJC_MSGSEND = YES;
				ENABLE_TESTABILITY = YES;
				GCC_C_LANGUAGE_STANDARD = gnu11;
				GCC_DYNAMIC_NO_PIC = NO;
				GCC_NO_COMMON_BLOCKS = YES;
				GCC_OPTIMIZATION_LEVEL = 0;
				GCC_PREPROCESSOR_DEFINITIONS = (
					"DEBUG=1",
					"$(inherited)",
				);
				GCC_WARN_64_TO_32_BIT_CONVERSION = YES;
				GCC_WARN_ABOUT_RETURN_TYPE = YES_ERROR;
				GCC_WARN_UNDECLARED_SELECTOR = YES;
				GCC_WARN_UNINITIALIZED_AUTOS = YES_AGGRESSIVE;
				GCC_WARN_UNUSED_FUNCTION = YES;
				GCC_WARN_UNUSED_VARIABLE = YES;
				IPHONEOS_DEPLOYMENT_TARGET = 16.1;
				MTL_ENABLE_DEBUG_INFO = INCLUDE_SOURCE;
				MTL_FAST_MATH = YES;
				ONLY_ACTIVE_ARCH = YES;
				SDKROOT = iphoneos;
				SWIFT_ACTIVE_COMPILATION_CONDITIONS = DEBUG;
				SWIFT_OPTIMIZATION_LEVEL = "-Onone";
			};
			name = Debug;
		};
		3DD569A82916EF20003F0B5B /* Release */ = {
			isa = XCBuildConfiguration;
			buildSettings = {
				ALWAYS_SEARCH_USER_PATHS = NO;
				CLANG_ANALYZER_NONNULL = YES;
				CLANG_ANALYZER_NUMBER_OBJECT_CONVERSION = YES_AGGRESSIVE;
				CLANG_CXX_LANGUAGE_STANDARD = "gnu++20";
				CLANG_ENABLE_MODULES = YES;
				CLANG_ENABLE_OBJC_ARC = YES;
				CLANG_ENABLE_OBJC_WEAK = YES;
				CLANG_WARN_BLOCK_CAPTURE_AUTORELEASING = YES;
				CLANG_WARN_BOOL_CONVERSION = YES;
				CLANG_WARN_COMMA = YES;
				CLANG_WARN_CONSTANT_CONVERSION = YES;
				CLANG_WARN_DEPRECATED_OBJC_IMPLEMENTATIONS = YES;
				CLANG_WARN_DIRECT_OBJC_ISA_USAGE = YES_ERROR;
				CLANG_WARN_DOCUMENTATION_COMMENTS = YES;
				CLANG_WARN_EMPTY_BODY = YES;
				CLANG_WARN_ENUM_CONVERSION = YES;
				CLANG_WARN_INFINITE_RECURSION = YES;
				CLANG_WARN_INT_CONVERSION = YES;
				CLANG_WARN_NON_LITERAL_NULL_CONVERSION = YES;
				CLANG_WARN_OBJC_IMPLICIT_RETAIN_SELF = YES;
				CLANG_WARN_OBJC_LITERAL_CONVERSION = YES;
				CLANG_WARN_OBJC_ROOT_CLASS = YES_ERROR;
				CLANG_WARN_QUOTED_INCLUDE_IN_FRAMEWORK_HEADER = YES;
				CLANG_WARN_RANGE_LOOP_ANALYSIS = YES;
				CLANG_WARN_STRICT_PROTOTYPES = YES;
				CLANG_WARN_SUSPICIOUS_MOVE = YES;
				CLANG_WARN_UNGUARDED_AVAILABILITY = YES_AGGRESSIVE;
				CLANG_WARN_UNREACHABLE_CODE = YES;
				CLANG_WARN__DUPLICATE_METHOD_MATCH = YES;
				COPY_PHASE_STRIP = NO;
				DEBUG_INFORMATION_FORMAT = "dwarf-with-dsym";
				ENABLE_NS_ASSERTIONS = NO;
				ENABLE_STRICT_OBJC_MSGSEND = YES;
				GCC_C_LANGUAGE_STANDARD = gnu11;
				GCC_NO_COMMON_BLOCKS = YES;
				GCC_WARN_64_TO_32_BIT_CONVERSION = YES;
				GCC_WARN_ABOUT_RETURN_TYPE = YES_ERROR;
				GCC_WARN_UNDECLARED_SELECTOR = YES;
				GCC_WARN_UNINITIALIZED_AUTOS = YES_AGGRESSIVE;
				GCC_WARN_UNUSED_FUNCTION = YES;
				GCC_WARN_UNUSED_VARIABLE = YES;
				IPHONEOS_DEPLOYMENT_TARGET = 16.1;
				MTL_ENABLE_DEBUG_INFO = NO;
				MTL_FAST_MATH = YES;
				SDKROOT = iphoneos;
				SWIFT_COMPILATION_MODE = wholemodule;
				SWIFT_OPTIMIZATION_LEVEL = "-O";
				VALIDATE_PRODUCT = YES;
			};
			name = Release;
		};
		3DD569AA2916EF20003F0B5B /* Debug */ = {
			isa = XCBuildConfiguration;
			buildSettings = {
				ASSETCATALOG_COMPILER_APPICON_NAME = AppIcon;
				ASSETCATALOG_COMPILER_GLOBAL_ACCENT_COLOR_NAME = AccentColor;
				CODE_SIGN_STYLE = Automatic;
				CURRENT_PROJECT_VERSION = 1;
				DEVELOPMENT_TEAM = E9KS5E39JS;
				GENERATE_INFOPLIST_FILE = YES;
				INFOPLIST_FILE = MyImages/Info.plist;
				INFOPLIST_KEY_UIApplicationSupportsIndirectInputEvents = YES;
				INFOPLIST_KEY_UILaunchStoryboardName = LaunchScreen;
				INFOPLIST_KEY_UIMainStoryboardFile = Main;
				INFOPLIST_KEY_UISupportedInterfaceOrientations_iPad = "UIInterfaceOrientationPortrait UIInterfaceOrientationPortraitUpsideDown UIInterfaceOrientationLandscapeLeft UIInterfaceOrientationLandscapeRight";
				INFOPLIST_KEY_UISupportedInterfaceOrientations_iPhone = "UIInterfaceOrientationPortrait UIInterfaceOrientationLandscapeLeft UIInterfaceOrientationLandscapeRight";
				IPHONEOS_DEPLOYMENT_TARGET = 14.0;
				LD_RUNPATH_SEARCH_PATHS = (
					"$(inherited)",
					"@executable_path/Frameworks",
				);
				MARKETING_VERSION = 1.0;
				PRODUCT_BUNDLE_IDENTIFIER = com.janzelaznog.MyImages;
				PRODUCT_NAME = "$(TARGET_NAME)";
				SWIFT_EMIT_LOC_STRINGS = YES;
				SWIFT_VERSION = 5.0;
				TARGETED_DEVICE_FAMILY = "1,2";
			};
			name = Debug;
		};
		3DD569AB2916EF20003F0B5B /* Release */ = {
			isa = XCBuildConfiguration;
			buildSettings = {
				ASSETCATALOG_COMPILER_APPICON_NAME = AppIcon;
				ASSETCATALOG_COMPILER_GLOBAL_ACCENT_COLOR_NAME = AccentColor;
				CODE_SIGN_STYLE = Automatic;
				CURRENT_PROJECT_VERSION = 1;
				DEVELOPMENT_TEAM = E9KS5E39JS;
				GENERATE_INFOPLIST_FILE = YES;
				INFOPLIST_FILE = MyImages/Info.plist;
				INFOPLIST_KEY_UIApplicationSupportsIndirectInputEvents = YES;
				INFOPLIST_KEY_UILaunchStoryboardName = LaunchScreen;
				INFOPLIST_KEY_UIMainStoryboardFile = Main;
				INFOPLIST_KEY_UISupportedInterfaceOrientations_iPad = "UIInterfaceOrientationPortrait UIInterfaceOrientationPortraitUpsideDown UIInterfaceOrientationLandscapeLeft UIInterfaceOrientationLandscapeRight";
				INFOPLIST_KEY_UISupportedInterfaceOrientations_iPhone = "UIInterfaceOrientationPortrait UIInterfaceOrientationLandscapeLeft UIInterfaceOrientationLandscapeRight";
				IPHONEOS_DEPLOYMENT_TARGET = 14.0;
				LD_RUNPATH_SEARCH_PATHS = (
					"$(inherited)",
					"@executable_path/Frameworks",
				);
				MARKETING_VERSION = 1.0;
				PRODUCT_BUNDLE_IDENTIFIER = com.janzelaznog.MyImages;
				PRODUCT_NAME = "$(TARGET_NAME)";
				SWIFT_EMIT_LOC_STRINGS = YES;
				SWIFT_VERSION = 5.0;
				TARGETED_DEVICE_FAMILY = "1,2";
			};
			name = Release;
		};
/* End XCBuildConfiguration section */

/* Begin XCConfigurationList section */
		3DD569902916EF1E003F0B5B /* Build configuration list for PBXProject "MyImages" */ = {
			isa = XCConfigurationList;
			buildConfigurations = (
				3DD569A72916EF20003F0B5B /* Debug */,
				3DD569A82916EF20003F0B5B /* Release */,
			);
			defaultConfigurationIsVisible = 0;
			defaultConfigurationName = Release;
		};
		3DD569A92916EF20003F0B5B /* Build configuration list for PBXNativeTarget "MyImages" */ = {
			isa = XCConfigurationList;
			buildConfigurations = (
				3DD569AA2916EF20003F0B5B /* Debug */,
				3DD569AB2916EF20003F0B5B /* Release */,
			);
			defaultConfigurationIsVisible = 0;
			defaultConfigurationName = Release;
		};
/* End XCConfigurationList section */
	};
	rootObject = 3DD5698D2916EF1E003F0B5B /* Project object */;
}
